
Microsoft Visual Studio Solution File, Format Version 12.00
# Visual Studio 15
VisualStudioVersion = 15.0.28307.168
MinimumVisualStudioVersion = 10.0.40219.1
Project("{FAE04EC0-301F-11D3-BF4B-00C04F79EFBC}") = "BZ.WindowsService", "BZ.WindowsService\BZ.WindowsService.csproj", "{8EF81756-50B8-4745-BA60-749D46B55B25}"
EndProject
Project("{2150E333-8FDC-42A3-9474-1A3956D46DE8}") = "Plugins", "Plugins", "{9D6F2DBD-D64B-4FC2-95F6-7B2261042762}"
EndProject
Project("{FAE04EC0-301F-11D3-BF4B-00C04F79EFBC}") = "TestPlugin", "Plugins\TestPlugin\TestPlugin.csproj", "{0B721CFB-3FF4-4CDC-84DB-20407DE69143}"
EndProject
Project("{FAE04EC0-301F-11D3-BF4B-00C04F79EFBC}") = "PluginTests", "PluginTests\PluginTests.csproj", "{671EC1BC-E973-4E5A-9331-3B6F0DADA1D3}"
EndProject
Project("{9A19103F-16F7-4668-BE54-9A1E7A4F7556}") = "BZ.WindowsService.Common", "BZ.WindowsService.Common\BZ.WindowsService.Common.csproj", "{D5726CC3-34C2-4E2C-9F88-702856F70A8B}"
EndProject
Project("{FAE04EC0-301F-11D3-BF4B-00C04F79EFBC}") = "MeizituReptile", "Plugins\MeizituReptile\MeizituReptile.csproj", "{35BAB0C9-8543-473D-A7D3-CE80C93AC909}"
EndProject
Global
	GlobalSection(SolutionConfigurationPlatforms) = preSolution
		Debug|Any CPU = Debug|Any CPU
		Release|Any CPU = Release|Any CPU
	EndGlobalSection
	GlobalSection(ProjectConfigurationPlatforms) = postSolution
		{8EF81756-50B8-4745-BA60-749D46B55B25}.Debug|Any CPU.ActiveCfg = Debug|Any CPU
		{8EF81756-50B8-4745-BA60-749D46B55B25}.Debug|Any CPU.Build.0 = Debug|Any CPU
		{8EF81756-50B8-4745-BA60-749D46B55B25}.Release|Any CPU.ActiveCfg = Release|Any CPU
		{8EF81756-50B8-4745-BA60-749D46B55B25}.Release|Any CPU.Build.0 = Release|Any CPU
		{0B721CFB-3FF4-4CDC-84DB-20407DE69143}.Debug|Any CPU.ActiveCfg = Debug|Any CPU
		{0B721CFB-3FF4-4CDC-84DB-20407DE69143}.Debug|Any CPU.Build.0 = Debug|Any CPU
		{0B721CFB-3FF4-4CDC-84DB-20407DE69143}.Release|Any CPU.ActiveCfg = Release|Any CPU
		{0B721CFB-3FF4-4CDC-84DB-20407DE69143}.Release|Any CPU.Build.0 = Release|Any CPU
		{671EC1BC-E973-4E5A-9331-3B6F0DADA1D3}.Debug|Any CPU.ActiveCfg = Debug|Any CPU
		{671EC1BC-E973-4E5A-9331-3B6F0DADA1D3}.Debug|Any CPU.Build.0 = Debug|Any CPU
		{671EC1BC-E973-4E5A-9331-3B6F0DADA1D3}.Release|Any CPU.ActiveCfg = Release|Any CPU
		{671EC1BC-E973-4E5A-9331-3B6F0DADA1D3}.Release|Any CPU.Build.0 = Release|Any CPU
		{D5726CC3-34C2-4E2C-9F88-702856F70A8B}.Debug|Any CPU.ActiveCfg = Debug|Any CPU
		{D5726CC3-34C2-4E2C-9F88-702856F70A8B}.Debug|Any CPU.Build.0 = Debug|Any CPU
		{D5726CC3-34C2-4E2C-9F88-702856F70A8B}.Release|Any CPU.ActiveCfg = Release|Any CPU
		{D5726CC3-34C2-4E2C-9F88-702856F70A8B}.Release|Any CPU.Build.0 = Release|Any CPU
		{35BAB0C9-8543-473D-A7D3-CE80C93AC909}.Debug|Any CPU.ActiveCfg = Debug|Any CPU
		{35BAB0C9-8543-473D-A7D3-CE80C93AC909}.Debug|Any CPU.Build.0 = Debug|Any CPU
		{35BAB0C9-8543-473D-A7D3-CE80C93AC909}.Release|Any CPU.ActiveCfg = Release|Any CPU
		{35BAB0C9-8543-473D-A7D3-CE80C93AC909}.Release|Any CPU.Build.0 = Release|Any CPU
	EndGlobalSection
	GlobalSection(SolutionProperties) = preSolution
		HideSolutionNode = FALSE
	EndGlobalSection
	GlobalSection(NestedProjects) = preSolution
		{0B721CFB-3FF4-4CDC-84DB-20407DE69143} = {9D6F2DBD-D64B-4FC2-95F6-7B2261042762}
		{35BAB0C9-8543-473D-A7D3-CE80C93AC909} = {9D6F2DBD-D64B-4FC2-95F6-7B2261042762}
	EndGlobalSection
	GlobalSection(ExtensibilityGlobals) = postSolution
		SolutionGuid = {E2B6A80C-E3AA-49F6-9036-B2BBE02F4590}
	EndGlobalSection
EndGlobal
